
Microsoft Visual Studio Solution File, Format Version 12.00
# Visual Studio Version 16
VisualStudioVersion = 16.0.31702.278
MinimumVisualStudioVersion = 10.0.40219.1
Project("{FAE04EC0-301F-11D3-BF4B-00C04F79EFBC}") = "GraphForm1", "GraphForm1\GraphForm1.csproj", "{5B1320B2-D6BC-468F-9748-12BD76D1B882}"
EndProject
Global
	GlobalSection(SolutionConfigurationPlatforms) = preSolution
		Debug|Any CPU = Debug|Any CPU
		Release|Any CPU = Release|Any CPU
	EndGlobalSection
	GlobalSection(ProjectConfigurationPlatforms) = postSolution
		{5B1320B2-D6BC-468F-9748-12BD76D1B882}.Debug|Any CPU.ActiveCfg = Debug|Any CPU
		{5B1320B2-D6BC-468F-9748-12BD76D1B882}.Debug|Any CPU.Build.0 = Debug|Any CPU
		{5B1320B2-D6BC-468F-9748-12BD76D1B882}.Release|Any CPU.ActiveCfg = Release|Any CPU
		{5B1320B2-D6BC-468F-9748-12BD76D1B882}.Release|Any CPU.Build.0 = Release|Any CPU
	EndGlobalSection
	GlobalSection(SolutionProperties) = preSolution
		HideSolutionNode = FALSE
	EndGlobalSection
	GlobalSection(ExtensibilityGlobals) = postSolution
		SolutionGuid = {49545C0D-78EF-4C78-ABAB-9012E695116E}
	EndGlobalSection
EndGlobal
